{
  "nodes": {
    "nixpkgs": {
      "locked": {
        "lastModified": 1780243769,
        "narHash": "sha256-x5UQuRsH3MqI0U9afaXSNqzTPSeZlRLvFAav2Ux1pNw=",
        "owner": "NixOS",
        "repo": "nixpkgs",
        "rev": "331800de5053fcebacf6813adb5db9c9dca22a0c",
        "type": "github"
      },
      "original": {
        "owner": "NixOS",
        "ref": "nixos-unstable",
        "repo": "nixpkgs",
        "type": "github"
      }
    },
    "nixpkgs_2": {
      "locked": {
        "lastModified": 1779560665,
        "narHash": "sha256-tpyBcxPpcQb8ukyNF7DoCwfSY3VPsxHoYwj00Cayv5o=",
        "owner": "NixOS",
        "repo": "nixpkgs",
        "rev": "64c08a7ca051951c8eae34e3e3cb1e202fe36786",
        "type": "github"
      },
      "original": {
        "owner": "NixOS",
        "ref": "nixos-unstable",
        "repo": "nixpkgs",
        "type": "github"
      }
    },
    "nu-type-alias-pkg": {
      "inputs": {
        "nixpkgs": "nixpkgs_2"
      },
      "locked": {
        "lastModified": 1780757892,
        "narHash": "sha256-/KIhXqqj5EtTEXFnj6zgUGkH2UR2QWZQb1j4SN7Bgrs=",
        "ref": "refs/heads/main",
        "rev": "67f966ff3d324fc7bd1e2be31e1289da78365523",
        "revCount": 65,
        "submodules": true,
        "type": "git",
        "url": "https://github.com/LQR471814/nu-type-alias"
      },
      "original": {
        "type": "git",
        "url": "https://github.com/LQR471814/nu-type-alias"
      }
    },
    "root": {
      "inputs": {
        "nixpkgs": "nixpkgs",
        "nu-type-alias-pkg": "nu-type-alias-pkg"
      }
    }
  },
  "root": "root",
  "version": 7
}
